{
  "name": "litenode-markdown-app",
  "version": "1.0.0",
  "lockfileVersion": 2,
  "requires": true,
  "packages": {
    "": {
      "name": "litenode-markdown-app",
      "version": "1.0.0",
      "license": "MIT",
      "dependencies": {
        "highlight.js": "^11.9.0",
        "litenode": "^2.1.1",
        "marked": "^13.0.1",
        "marked-highlight": "^2.1.3"
      }
    },
    "../../LiteNode/LiteNodeVersions/litenode-unified": {
      "name": "litenode",
      "version": "1.4.0",
      "extraneous": true,
      "license": "MIT"
    },
    "../../LiteNode/package/litenode": {
      "version": "2.1.0",
      "extraneous": true,
      "license": "MIT"
    },
    "node_modules/highlight.js": {
      "version": "11.9.0",
      "resolved": "https://registry.npmjs.org/highlight.js/-/highlight.js-11.9.0.tgz",
      "integrity": "sha512-fJ7cW7fQGCYAkgv4CPfwFHrfd/cLS4Hau96JuJ+ZTOWhjnhoeN1ub1tFmALm/+lW5z4WCAuAV9bm05AP0mS6Gw==",
      "engines": {
        "node": ">=12.0.0"
      }
    },
    "node_modules/litenode": {
      "version": "2.1.1",
      "resolved": "https://registry.npmjs.org/litenode/-/litenode-2.1.1.tgz",
      "integrity": "sha512-TXKpm86CIxfnoT7a1ZC2VeIJabIPI826EpoK//amLN784raF/iaY2NvFTOC0isUzQdPvBHHQCT5+B0Pp1uteNg=="
    },
    "node_modules/marked": {
      "version": "13.0.1",
      "resolved": "https://registry.npmjs.org/marked/-/marked-13.0.1.tgz",
      "integrity": "sha512-7kBohS6GrZKvCsNXZyVVXSW7/hGBHe49ng99YPkDCckSUrrG7MSFLCexsRxptzOmyW2eT5dySh4Md1V6my52fA==",
      "bin": {
        "marked": "bin/marked.js"
      },
      "engines": {
        "node": ">= 18"
      }
    },
    "node_modules/marked-highlight": {
      "version": "2.1.3",
      "resolved": "https://registry.npmjs.org/marked-highlight/-/marked-highlight-2.1.3.tgz",
      "integrity": "sha512-t35JWm2u8HanOJ+gSJBAYQ0Jgr3vy+gl7ORAXN8bSEQFHl5FYXH0A7YXVMrfhmKaSuBSy6LidXECn3U9Qv/dHA==",
      "peerDependencies": {
        "marked": ">=4 <14"
      }
    }
  },
  "dependencies": {
    "highlight.js": {
      "version": "11.9.0",
      "resolved": "https://registry.npmjs.org/highlight.js/-/highlight.js-11.9.0.tgz",
      "integrity": "sha512-fJ7cW7fQGCYAkgv4CPfwFHrfd/cLS4Hau96JuJ+ZTOWhjnhoeN1ub1tFmALm/+lW5z4WCAuAV9bm05AP0mS6Gw=="
    },
    "litenode": {
      "version": "2.1.1",
      "resolved": "https://registry.npmjs.org/litenode/-/litenode-2.1.1.tgz",
      "integrity": "sha512-TXKpm86CIxfnoT7a1ZC2VeIJabIPI826EpoK//amLN784raF/iaY2NvFTOC0isUzQdPvBHHQCT5+B0Pp1uteNg=="
    },
    "marked": {
      "version": "13.0.1",
      "resolved": "https://registry.npmjs.org/marked/-/marked-13.0.1.tgz",
      "integrity": "sha512-7kBohS6GrZKvCsNXZyVVXSW7/hGBHe49ng99YPkDCckSUrrG7MSFLCexsRxptzOmyW2eT5dySh4Md1V6my52fA=="
    },
    "marked-highlight": {
      "version": "2.1.3",
      "resolved": "https://registry.npmjs.org/marked-highlight/-/marked-highlight-2.1.3.tgz",
      "integrity": "sha512-t35JWm2u8HanOJ+gSJBAYQ0Jgr3vy+gl7ORAXN8bSEQFHl5FYXH0A7YXVMrfhmKaSuBSy6LidXECn3U9Qv/dHA==",
      "requires": {}
    }
  }
}
